<Solution>
  <Project Path="Micropolis.Benchmarks/Micropolis.Benchmarks.csproj" />
  <Project Path="Micropolis.Benchmarks.Tests/Micropolis.Benchmarks.Tests.csproj" />
  <Project Path="Micropolis.Rules/Micropolis.Rules.csproj" />
  <Project Path="Micropolis.Headless.Tests/Micropolis.Headless.Tests.csproj" />
  <Project Path="Micropolis.Headless/Micropolis.Headless.csproj" />
  <Project Path="Micropolis.Rules.Tests/Micropolis.Rules.Tests.csproj" />
  <Project Path="Micropolis.Server/Micropolis.Server.csproj" />
  <Project Path="Micropolis.Server.Tests/Micropolis.Server.Tests.csproj" />
  <Project Path="Micropolis.SourceTree/Micropolis.SourceTree.csproj" />
  <Project Path="Micropolis.SourceTree.Tests/Micropolis.SourceTree.Tests.csproj" />
</Solution>
