<Solution>
  <Project Path="Micropolis.Benchmarks/Micropolis.Benchmarks.csproj" />
  <Project Path="Micropolis.Benchmarks.Tests/Micropolis.Benchmarks.Tests.csproj" />
  <Project Path="Micropolis.Repository/Micropolis.Repository.csproj" />
  <Project Path="Micropolis.Repository.Tests/Micropolis.Repository.Tests.csproj" />
  <Project Path="Micropolis.Rules/Micropolis.Rules.csproj" />
  <Project Path="Micropolis.Rules.Tests/Micropolis.Rules.Tests.csproj" />
  <Project Path="Micropolis.Server/Micropolis.Server.csproj" />
  <Project Path="Micropolis.Server.Tests/Micropolis.Server.Tests.csproj" />
</Solution>
